PODS:
  - Alamofire (4.6.0)
  - DynamicColor (4.0.2)
  - KeychainAccess (3.1.0)
  - Kingfisher (4.5.0)
  - ObjectMapper (3.1.0)
  - PhoneNumberKit (2.1.0):
    - PhoneNumberKit/PhoneNumberKitCore (= 2.1.0)
    - PhoneNumberKit/UIKit (= 2.1.0)
  - PhoneNumberKit/PhoneNumberKitCore (2.1.0)
  - PhoneNumberKit/UIKit (2.1.0):
    - PhoneNumberKit/PhoneNumberKitCore
  - PKHUD (5.0.0)
  - pop (1.0.10)
  - SnapKit (4.0.0)

DEPENDENCIES:
  - Alamofire (~> 4.6.0)
  - DynamicColor (~> 4.0.2)
  - KeychainAccess (~> 3.1.0)
  - Kingfisher (~> 4.5.0)
  - ObjectMapper (~> 3.1.0)
  - PhoneNumberKit (~> 2.1.0)
  - PKHUD (~> 5.0.0)
  - pop (~> 1.0.9)
  - SnapKit (~> 4.0.0)

SPEC CHECKSUMS:
  Alamofire: f41a599bd63041760b26d393ec1069d9d7b917f4
  DynamicColor: c7adcfe871781a2b39877a5774e452ba51b79eb3
  KeychainAccess: 94c5540b32eabf7bc32bfb976a268e8ea05fd6da
  Kingfisher: 26ae0473102b77b575da51960c932431e3745407
  ObjectMapper: 20505058f54e5c3ca69e1d6de9897d152a5369a6
  PhoneNumberKit: 62003f40ff75315fd3738286558bc365365ac222
  PKHUD: 3c001512c6e002091184197a8de7a20420786e3b
  pop: 82ca6b068ce9278fd350fd9dd09482a0ce9492e6
  SnapKit: a42d492c16e80209130a3379f73596c3454b7694

PODFILE CHECKSUM: 4677206f2d5b172ed6e1b7623c28bea1777744ca

COCOAPODS: 1.2.1
