// !$*UTF8*$!
{
	archiveVersion = 1;
	classes = {
	};
	objectVersion = 48;
	objects = {

/* Begin PBXBuildFile section */
		19E05044F43B72C4525C01EB /* Pods_HometownTests.framework in Frameworks */ = {isa = PBXBuildFile; fileRef = D002A93920791EC53EE2A7F8 /* Pods_HometownTests.framework */; };
		94C61D3AE2F8B3EEF8BB1B18 /* Pods_Hometown.framework in Frameworks */ = {isa = PBXBuildFile; fileRef = 95EFAE2AC7901179AE4D4A86 /* Pods_Hometown.framework */; };
		A42842AEDE6CCFED61E991B5 /* Pods_HometownUITests.framework in Frameworks */ = {isa = PBXBuildFile; fileRef = A2DE8E4BEE643F763B08B9A6 /* Pods_HometownUITests.framework */; };
		D258F30120EF0E4400479F12 /* AppDelegate.swift in Sources */ = {isa = PBXBuildFile; fileRef = D258F30020EF0E4400479F12 /* AppDelegate.swift */; };
		D258F30620EF0E4400479F12 /* Main.storyboard in Resources */ = {isa = PBXBuildFile; fileRef = D258F30420EF0E4400479F12 /* Main.storyboard */; };
		D258F30820EF0E4400479F12 /* Assets.xcassets in Resources */ = {isa = PBXBuildFile; fileRef = D258F30720EF0E4400479F12 /* Assets.xcassets */; };
		D258F30B20EF0E4400479F12 /* LaunchScreen.storyboard in Resources */ = {isa = PBXBuildFile; fileRef = D258F30920EF0E4400479F12 /* LaunchScreen.storyboard */; };
		D258F31620EF0E4400479F12 /* HometownTests.swift in Sources */ = {isa = PBXBuildFile; fileRef = D258F31520EF0E4400479F12 /* HometownTests.swift */; };
		D258F32120EF0E4400479F12 /* HometownUITests.swift in Sources */ = {isa = PBXBuildFile; fileRef = D258F32020EF0E4400479F12 /* HometownUITests.swift */; };
		D258F32F20EF10E800479F12 /* Login.storyboard in Resources */ = {isa = PBXBuildFile; fileRef = D258F32E20EF10E800479F12 /* Login.storyboard */; };
		D258F33620EF14D500479F12 /* LoginViewController.swift in Sources */ = {isa = PBXBuildFile; fileRef = D258F33520EF14D500479F12 /* LoginViewController.swift */; };
		D258F33920EF19A900479F12 /* Common.swift in Sources */ = {isa = PBXBuildFile; fileRef = D258F33820EF19A800479F12 /* Common.swift */; };
		D258F36320EF1AF000479F12 /* BarButtonItem.swift in Sources */ = {isa = PBXBuildFile; fileRef = D258F33B20EF1AF000479F12 /* BarButtonItem.swift */; };
		D258F36420EF1AF000479F12 /* BottombarView.swift in Sources */ = {isa = PBXBuildFile; fileRef = D258F33C20EF1AF000479F12 /* BottombarView.swift */; };
		D258F36520EF1AF000479F12 /* GuideCoverView.swift in Sources */ = {isa = PBXBuildFile; fileRef = D258F33D20EF1AF000479F12 /* GuideCoverView.swift */; };
		D258F36620EF1AF000479F12 /* GuideView.xib in Resources */ = {isa = PBXBuildFile; fileRef = D258F33E20EF1AF000479F12 /* GuideView.xib */; };
		D258F36720EF1AF000479F12 /* NoContentCover.xib in Resources */ = {isa = PBXBuildFile; fileRef = D258F33F20EF1AF000479F12 /* NoContentCover.xib */; };
		D258F36820EF1AF000479F12 /* PasswordStrengthView.swift in Sources */ = {isa = PBXBuildFile; fileRef = D258F34020EF1AF000479F12 /* PasswordStrengthView.swift */; };
		D258F36A20EF1AF000479F12 /* ScaleButton.swift in Sources */ = {isa = PBXBuildFile; fileRef = D258F34220EF1AF000479F12 /* ScaleButton.swift */; };
		D258F36E20EF1AF000479F12 /* UnLoginCover.swift in Sources */ = {isa = PBXBuildFile; fileRef = D258F34620EF1AF000479F12 /* UnLoginCover.swift */; };
		D258F36F20EF1AF000479F12 /* DeviceInfo.swift in Sources */ = {isa = PBXBuildFile; fileRef = D258F34920EF1AF000479F12 /* DeviceInfo.swift */; };
		D258F37020EF1AF000479F12 /* RequestHelper.swift in Sources */ = {isa = PBXBuildFile; fileRef = D258F34A20EF1AF000479F12 /* RequestHelper.swift */; };
		D258F37120EF1AF000479F12 /* ResponseHelper.swift in Sources */ = {isa = PBXBuildFile; fileRef = D258F34B20EF1AF000479F12 /* ResponseHelper.swift */; };
		D258F37220EF1AF000479F12 /* UserManager.swift in Sources */ = {isa = PBXBuildFile; fileRef = D258F34C20EF1AF000479F12 /* UserManager.swift */; };
		D258F37420EF1AF000479F12 /* CommonAlertView.swift in Sources */ = {isa = PBXBuildFile; fileRef = D258F34F20EF1AF000479F12 /* CommonAlertView.swift */; };
		D258F37520EF1AF000479F12 /* OverlayAnimatedTransitioner.swift in Sources */ = {isa = PBXBuildFile; fileRef = D258F35020EF1AF000479F12 /* OverlayAnimatedTransitioner.swift */; };
		D258F37620EF1AF000479F12 /* OverlayPickerViewController.swift in Sources */ = {isa = PBXBuildFile; fileRef = D258F35120EF1AF000479F12 /* OverlayPickerViewController.swift */; };
		D258F37720EF1AF000479F12 /* OverlayPresentationController.swift in Sources */ = {isa = PBXBuildFile; fileRef = D258F35220EF1AF000479F12 /* OverlayPresentationController.swift */; };
		D258F37820EF1AF000479F12 /* ScanViewController.swift in Sources */ = {isa = PBXBuildFile; fileRef = D258F35320EF1AF000479F12 /* ScanViewController.swift */; };
		D258F37920EF1AF000479F12 /* WebViewController.swift in Sources */ = {isa = PBXBuildFile; fileRef = D258F35420EF1AF000479F12 /* WebViewController.swift */; };
		D258F37B20EF1AF000479F12 /* NotificationCenterExtension.swift in Sources */ = {isa = PBXBuildFile; fileRef = D258F35720EF1AF000479F12 /* NotificationCenterExtension.swift */; };
		D258F37C20EF1AF000479F12 /* NSUserDefaultsExtension.swift in Sources */ = {isa = PBXBuildFile; fileRef = D258F35820EF1AF000479F12 /* NSUserDefaultsExtension.swift */; };
		D258F37D20EF1AF000479F12 /* StringExtension.swift in Sources */ = {isa = PBXBuildFile; fileRef = D258F35920EF1AF000479F12 /* StringExtension.swift */; };
		D258F37E20EF1AF000479F12 /* UIButtonExtension.swift in Sources */ = {isa = PBXBuildFile; fileRef = D258F35A20EF1AF000479F12 /* UIButtonExtension.swift */; };
		D258F37F20EF1AF000479F12 /* UIColor+Extension.swift in Sources */ = {isa = PBXBuildFile; fileRef = D258F35B20EF1AF000479F12 /* UIColor+Extension.swift */; };
		D258F38020EF1AF000479F12 /* UIFontExtension.swift in Sources */ = {isa = PBXBuildFile; fileRef = D258F35C20EF1AF000479F12 /* UIFontExtension.swift */; };
		D258F38120EF1AF000479F12 /* UIImageExtension.swift in Sources */ = {isa = PBXBuildFile; fileRef = D258F35D20EF1AF000479F12 /* UIImageExtension.swift */; };
		D258F38220EF1AF000479F12 /* UILabelExtension.swift in Sources */ = {isa = PBXBuildFile; fileRef = D258F35E20EF1AF000479F12 /* UILabelExtension.swift */; };
		D258F38320EF1AF000479F12 /* UINavigationBarExtension.swift in Sources */ = {isa = PBXBuildFile; fileRef = D258F35F20EF1AF000479F12 /* UINavigationBarExtension.swift */; };
		D258F38420EF1AF000479F12 /* UITextFiledExtension.swift in Sources */ = {isa = PBXBuildFile; fileRef = D258F36020EF1AF000479F12 /* UITextFiledExtension.swift */; };
		D258F38520EF1AF000479F12 /* UIViewControllerExtension.swift in Sources */ = {isa = PBXBuildFile; fileRef = D258F36120EF1AF000479F12 /* UIViewControllerExtension.swift */; };
		D258F38620EF1AF000479F12 /* UIViewExtension.swift in Sources */ = {isa = PBXBuildFile; fileRef = D258F36220EF1AF000479F12 /* UIViewExtension.swift */; };
		D258F38E20EF1D4E00479F12 /* UIViewController+Storyboard.m in Sources */ = {isa = PBXBuildFile; fileRef = D258F38A20EF1D4E00479F12 /* UIViewController+Storyboard.m */; };
		D258F38F20EF1D4E00479F12 /* UINavigationController+TZPopGesture.m in Sources */ = {isa = PBXBuildFile; fileRef = D258F38D20EF1D4E00479F12 /* UINavigationController+TZPopGesture.m */; };
		D258F39320EF1FD400479F12 /* BaseNavigationViewController.swift in Sources */ = {isa = PBXBuildFile; fileRef = D258F39120EF1FD400479F12 /* BaseNavigationViewController.swift */; };
		D258F39420EF1FD400479F12 /* MainViewController.swift in Sources */ = {isa = PBXBuildFile; fileRef = D258F39220EF1FD400479F12 /* MainViewController.swift */; };
		D277F2F420EF45B500672BEC /* InfoPlist.strings in Resources */ = {isa = PBXBuildFile; fileRef = D277F2F620EF45B500672BEC /* InfoPlist.strings */; };
		D277F2FA20EF45D500672BEC /* Localizable.strings in Resources */ = {isa = PBXBuildFile; fileRef = D277F2FC20EF45D500672BEC /* Localizable.strings */; };
		D277F2FF20EF46B000672BEC /* HomeViewController.swift in Sources */ = {isa = PBXBuildFile; fileRef = D277F2FE20EF46B000672BEC /* HomeViewController.swift */; };
		D277F30120EF46C400672BEC /* DiscoverViewController.swift in Sources */ = {isa = PBXBuildFile; fileRef = D277F30020EF46C400672BEC /* DiscoverViewController.swift */; };
		D277F30320EF46D300672BEC /* MeViewController.swift in Sources */ = {isa = PBXBuildFile; fileRef = D277F30220EF46D300672BEC /* MeViewController.swift */; };
/* End PBXBuildFile section */

/* Begin PBXContainerItemProxy section */
		D258F31220EF0E4400479F12 /* PBXContainerItemProxy */ = {
			isa = PBXContainerItemProxy;
			containerPortal = D258F2F520EF0E4400479F12 /* Project object */;
			proxyType = 1;
			remoteGlobalIDString = D258F2FC20EF0E4400479F12;
			remoteInfo = Hometown;
		};
		D258F31D20EF0E4400479F12 /* PBXContainerItemProxy */ = {
			isa = PBXContainerItemProxy;
			containerPortal = D258F2F520EF0E4400479F12 /* Project object */;
			proxyType = 1;
			remoteGlobalIDString = D258F2FC20EF0E4400479F12;
			remoteInfo = Hometown;
		};
/* End PBXContainerItemProxy section */

/* Begin PBXFileReference section */
		4B13B5159F75F77231148455 /* Pods-HometownTests.release.xcconfig */ = {isa = PBXFileReference; includeInIndex = 1; lastKnownFileType = text.xcconfig; name = "Pods-HometownTests.release.xcconfig"; path = "Pods/Target Support Files/Pods-HometownTests/Pods-HometownTests.release.xcconfig"; sourceTree = "<group>"; };
		6133592E5D408606FBF64BA2 /* Pods-HometownUITests.release.xcconfig */ = {isa = PBXFileReference; includeInIndex = 1; lastKnownFileType = text.xcconfig; name = "Pods-HometownUITests.release.xcconfig"; path = "Pods/Target Support Files/Pods-HometownUITests/Pods-HometownUITests.release.xcconfig"; sourceTree = "<group>"; };
		750C1928578248BEFAFE1D34 /* Pods-Hometown.debug.xcconfig */ = {isa = PBXFileReference; includeInIndex = 1; lastKnownFileType = text.xcconfig; name = "Pods-Hometown.debug.xcconfig"; path = "Pods/Target Support Files/Pods-Hometown/Pods-Hometown.debug.xcconfig"; sourceTree = "<group>"; };
		7768FAAF22E071DCAC40EFA6 /* Pods-HometownUITests.debug.xcconfig */ = {isa = PBXFileReference; includeInIndex = 1; lastKnownFileType = text.xcconfig; name = "Pods-HometownUITests.debug.xcconfig"; path = "Pods/Target Support Files/Pods-HometownUITests/Pods-HometownUITests.debug.xcconfig"; sourceTree = "<group>"; };
		95EFAE2AC7901179AE4D4A86 /* Pods_Hometown.framework */ = {isa = PBXFileReference; explicitFileType = wrapper.framework; includeInIndex = 0; path = Pods_Hometown.framework; sourceTree = BUILT_PRODUCTS_DIR; };
		9E5442D6650E72B0F98EF45B /* Pods-Hometown.release.xcconfig */ = {isa = PBXFileReference; includeInIndex = 1; lastKnownFileType = text.xcconfig; name = "Pods-Hometown.release.xcconfig"; path = "Pods/Target Support Files/Pods-Hometown/Pods-Hometown.release.xcconfig"; sourceTree = "<group>"; };
		A2DE8E4BEE643F763B08B9A6 /* Pods_HometownUITests.framework */ = {isa = PBXFileReference; explicitFileType = wrapper.framework; includeInIndex = 0; path = Pods_HometownUITests.framework; sourceTree = BUILT_PRODUCTS_DIR; };
		D002A93920791EC53EE2A7F8 /* Pods_HometownTests.framework */ = {isa = PBXFileReference; explicitFileType = wrapper.framework; includeInIndex = 0; path = Pods_HometownTests.framework; sourceTree = BUILT_PRODUCTS_DIR; };
		D258F2FD20EF0E4400479F12 /* Hometown.app */ = {isa = PBXFileReference; explicitFileType = wrapper.application; includeInIndex = 0; path = Hometown.app; sourceTree = BUILT_PRODUCTS_DIR; };
		D258F30020EF0E4400479F12 /* AppDelegate.swift */ = {isa = PBXFileReference; lastKnownFileType = sourcecode.swift; path = AppDelegate.swift; sourceTree = "<group>"; };
		D258F30520EF0E4400479F12 /* Base */ = {isa = PBXFileReference; lastKnownFileType = file.storyboard; name = Base; path = Base.lproj/Main.storyboard; sourceTree = "<group>"; };
		D258F30720EF0E4400479F12 /* Assets.xcassets */ = {isa = PBXFileReference; lastKnownFileType = folder.assetcatalog; path = Assets.xcassets; sourceTree = "<group>"; };
		D258F30A20EF0E4400479F12 /* Base */ = {isa = PBXFileReference; lastKnownFileType = file.storyboard; name = Base; path = Base.lproj/LaunchScreen.storyboard; sourceTree = "<group>"; };
		D258F30C20EF0E4400479F12 /* Info.plist */ = {isa = PBXFileReference; lastKnownFileType = text.plist.xml; path = Info.plist; sourceTree = "<group>"; };
		D258F31120EF0E4400479F12 /* HometownTests.xctest */ = {isa = PBXFileReference; explicitFileType = wrapper.cfbundle; includeInIndex = 0; path = HometownTests.xctest; sourceTree = BUILT_PRODUCTS_DIR; };
		D258F31520EF0E4400479F12 /* HometownTests.swift */ = {isa = PBXFileReference; lastKnownFileType = sourcecode.swift; path = HometownTests.swift; sourceTree = "<group>"; };
		D258F31720EF0E4400479F12 /* Info.plist */ = {isa = PBXFileReference; lastKnownFileType = text.plist.xml; path = Info.plist; sourceTree = "<group>"; };
		D258F31C20EF0E4400479F12 /* HometownUITests.xctest */ = {isa = PBXFileReference; explicitFileType = wrapper.cfbundle; includeInIndex = 0; path = HometownUITests.xctest; sourceTree = BUILT_PRODUCTS_DIR; };
		D258F32020EF0E4400479F12 /* HometownUITests.swift */ = {isa = PBXFileReference; lastKnownFileType = sourcecode.swift; path = HometownUITests.swift; sourceTree = "<group>"; };
		D258F32220EF0E4400479F12 /* Info.plist */ = {isa = PBXFileReference; lastKnownFileType = text.plist.xml; path = Info.plist; sourceTree = "<group>"; };
		D258F32E20EF10E800479F12 /* Login.storyboard */ = {isa = PBXFileReference; lastKnownFileType = file.storyboard; path = Login.storyboard; sourceTree = "<group>"; };
		D258F33520EF14D500479F12 /* LoginViewController.swift */ = {isa = PBXFileReference; lastKnownFileType = sourcecode.swift; path = LoginViewController.swift; sourceTree = "<group>"; };
		D258F33820EF19A800479F12 /* Common.swift */ = {isa = PBXFileReference; fileEncoding = 4; lastKnownFileType = sourcecode.swift; path = Common.swift; sourceTree = "<group>"; };
		D258F33B20EF1AF000479F12 /* BarButtonItem.swift */ = {isa = PBXFileReference; fileEncoding = 4; lastKnownFileType = sourcecode.swift; path = BarButtonItem.swift; sourceTree = "<group>"; };
		D258F33C20EF1AF000479F12 /* BottombarView.swift */ = {isa = PBXFileReference; fileEncoding = 4; lastKnownFileType = sourcecode.swift; path = BottombarView.swift; sourceTree = "<group>"; };
		D258F33D20EF1AF000479F12 /* GuideCoverView.swift */ = {isa = PBXFileReference; fileEncoding = 4; lastKnownFileType = sourcecode.swift; path = GuideCoverView.swift; sourceTree = "<group>"; };
		D258F33E20EF1AF000479F12 /* GuideView.xib */ = {isa = PBXFileReference; fileEncoding = 4; lastKnownFileType = file.xib; path = GuideView.xib; sourceTree = "<group>"; };
		D258F33F20EF1AF000479F12 /* NoContentCover.xib */ = {isa = PBXFileReference; fileEncoding = 4; lastKnownFileType = file.xib; path = NoContentCover.xib; sourceTree = "<group>"; };
		D258F34020EF1AF000479F12 /* PasswordStrengthView.swift */ = {isa = PBXFileReference; fileEncoding = 4; lastKnownFileType = sourcecode.swift; path = PasswordStrengthView.swift; sourceTree = "<group>"; };
		D258F34220EF1AF000479F12 /* ScaleButton.swift */ = {isa = PBXFileReference; fileEncoding = 4; lastKnownFileType = sourcecode.swift; path = ScaleButton.swift; sourceTree = "<group>"; };
		D258F34620EF1AF000479F12 /* UnLoginCover.swift */ = {isa = PBXFileReference; fileEncoding = 4; lastKnownFileType = sourcecode.swift; path = UnLoginCover.swift; sourceTree = "<group>"; };
		D258F34920EF1AF000479F12 /* DeviceInfo.swift */ = {isa = PBXFileReference; fileEncoding = 4; lastKnownFileType = sourcecode.swift; path = DeviceInfo.swift; sourceTree = "<group>"; };
		D258F34A20EF1AF000479F12 /* RequestHelper.swift */ = {isa = PBXFileReference; fileEncoding = 4; lastKnownFileType = sourcecode.swift; path = RequestHelper.swift; sourceTree = "<group>"; };
		D258F34B20EF1AF000479F12 /* ResponseHelper.swift */ = {isa = PBXFileReference; fileEncoding = 4; lastKnownFileType = sourcecode.swift; path = ResponseHelper.swift; sourceTree = "<group>"; };
		D258F34C20EF1AF000479F12 /* UserManager.swift */ = {isa = PBXFileReference; fileEncoding = 4; lastKnownFileType = sourcecode.swift; path = UserManager.swift; sourceTree = "<group>"; };
		D258F34F20EF1AF000479F12 /* CommonAlertView.swift */ = {isa = PBXFileReference; fileEncoding = 4; lastKnownFileType = sourcecode.swift; path = CommonAlertView.swift; sourceTree = "<group>"; };
		D258F35020EF1AF000479F12 /* OverlayAnimatedTransitioner.swift */ = {isa = PBXFileReference; fileEncoding = 4; lastKnownFileType = sourcecode.swift; path = OverlayAnimatedTransitioner.swift; sourceTree = "<group>"; };
		D258F35120EF1AF000479F12 /* OverlayPickerViewController.swift */ = {isa = PBXFileReference; fileEncoding = 4; lastKnownFileType = sourcecode.swift; path = OverlayPickerViewController.swift; sourceTree = "<group>"; };
		D258F35220EF1AF000479F12 /* OverlayPresentationController.swift */ = {isa = PBXFileReference; fileEncoding = 4; lastKnownFileType = sourcecode.swift; path = OverlayPresentationController.swift; sourceTree = "<group>"; };
		D258F35320EF1AF000479F12 /* ScanViewController.swift */ = {isa = PBXFileReference; fileEncoding = 4; lastKnownFileType = sourcecode.swift; path = ScanViewController.swift; sourceTree = "<group>"; };
		D258F35420EF1AF000479F12 /* WebViewController.swift */ = {isa = PBXFileReference; fileEncoding = 4; lastKnownFileType = sourcecode.swift; path = WebViewController.swift; sourceTree = "<group>"; };
		D258F35720EF1AF000479F12 /* NotificationCenterExtension.swift */ = {isa = PBXFileReference; fileEncoding = 4; lastKnownFileType = sourcecode.swift; path = NotificationCenterExtension.swift; sourceTree = "<group>"; };
		D258F35820EF1AF000479F12 /* NSUserDefaultsExtension.swift */ = {isa = PBXFileReference; fileEncoding = 4; lastKnownFileType = sourcecode.swift; path = NSUserDefaultsExtension.swift; sourceTree = "<group>"; };
		D258F35920EF1AF000479F12 /* StringExtension.swift */ = {isa = PBXFileReference; fileEncoding = 4; lastKnownFileType = sourcecode.swift; path = StringExtension.swift; sourceTree = "<group>"; };
		D258F35A20EF1AF000479F12 /* UIButtonExtension.swift */ = {isa = PBXFileReference; fileEncoding = 4; lastKnownFileType = sourcecode.swift; path = UIButtonExtension.swift; sourceTree = "<group>"; };
		D258F35B20EF1AF000479F12 /* UIColor+Extension.swift */ = {isa = PBXFileReference; fileEncoding = 4; lastKnownFileType = sourcecode.swift; path = "UIColor+Extension.swift"; sourceTree = "<group>"; };
		D258F35C20EF1AF000479F12 /* UIFontExtension.swift */ = {isa = PBXFileReference; fileEncoding = 4; lastKnownFileType = sourcecode.swift; path = UIFontExtension.swift; sourceTree = "<group>"; };
		D258F35D20EF1AF000479F12 /* UIImageExtension.swift */ = {isa = PBXFileReference; fileEncoding = 4; lastKnownFileType = sourcecode.swift; path = UIImageExtension.swift; sourceTree = "<group>"; };
		D258F35E20EF1AF000479F12 /* UILabelExtension.swift */ = {isa = PBXFileReference; fileEncoding = 4; lastKnownFileType = sourcecode.swift; path = UILabelExtension.swift; sourceTree = "<group>"; };
		D258F35F20EF1AF000479F12 /* UINavigationBarExtension.swift */ = {isa = PBXFileReference; fileEncoding = 4; lastKnownFileType = sourcecode.swift; path = UINavigationBarExtension.swift; sourceTree = "<group>"; };
		D258F36020EF1AF000479F12 /* UITextFiledExtension.swift */ = {isa = PBXFileReference; fileEncoding = 4; lastKnownFileType = sourcecode.swift; path = UITextFiledExtension.swift; sourceTree = "<group>"; };
		D258F36120EF1AF000479F12 /* UIViewControllerExtension.swift */ = {isa = PBXFileReference; fileEncoding = 4; lastKnownFileType = sourcecode.swift; path = UIViewControllerExtension.swift; sourceTree = "<group>"; };
		D258F36220EF1AF000479F12 /* UIViewExtension.swift */ = {isa = PBXFileReference; fileEncoding = 4; lastKnownFileType = sourcecode.swift; path = UIViewExtension.swift; sourceTree = "<group>"; };
		D258F38920EF1D4E00479F12 /* UIViewController+Storyboard.h */ = {isa = PBXFileReference; fileEncoding = 4; lastKnownFileType = sourcecode.c.h; path = "UIViewController+Storyboard.h"; sourceTree = "<group>"; };
		D258F38A20EF1D4E00479F12 /* UIViewController+Storyboard.m */ = {isa = PBXFileReference; fileEncoding = 4; lastKnownFileType = sourcecode.c.objc; path = "UIViewController+Storyboard.m"; sourceTree = "<group>"; };
		D258F38C20EF1D4E00479F12 /* UINavigationController+TZPopGesture.h */ = {isa = PBXFileReference; fileEncoding = 4; lastKnownFileType = sourcecode.c.h; path = "UINavigationController+TZPopGesture.h"; sourceTree = "<group>"; };
		D258F38D20EF1D4E00479F12 /* UINavigationController+TZPopGesture.m */ = {isa = PBXFileReference; fileEncoding = 4; lastKnownFileType = sourcecode.c.objc; path = "UINavigationController+TZPopGesture.m"; sourceTree = "<group>"; };
		D258F39020EF1D7C00479F12 /* Bridging-Header.h */ = {isa = PBXFileReference; lastKnownFileType = sourcecode.c.h; path = "Bridging-Header.h"; sourceTree = "<group>"; };
		D258F39120EF1FD400479F12 /* BaseNavigationViewController.swift */ = {isa = PBXFileReference; fileEncoding = 4; lastKnownFileType = sourcecode.swift; path = BaseNavigationViewController.swift; sourceTree = "<group>"; };
		D258F39220EF1FD400479F12 /* MainViewController.swift */ = {isa = PBXFileReference; fileEncoding = 4; lastKnownFileType = sourcecode.swift; path = MainViewController.swift; sourceTree = "<group>"; };
		D277F2F520EF45B500672BEC /* en */ = {isa = PBXFileReference; lastKnownFileType = text.plist.strings; name = en; path = en.lproj/InfoPlist.strings; sourceTree = "<group>"; };
		D277F2F720EF45B700672BEC /* zh-Hans */ = {isa = PBXFileReference; lastKnownFileType = text.plist.strings; name = "zh-Hans"; path = "zh-Hans.lproj/InfoPlist.strings"; sourceTree = "<group>"; };
		D277F2FB20EF45D500672BEC /* en */ = {isa = PBXFileReference; lastKnownFileType = text.plist.strings; name = en; path = en.lproj/Localizable.strings; sourceTree = "<group>"; };
		D277F2FD20EF45D600672BEC /* zh-Hans */ = {isa = PBXFileReference; lastKnownFileType = text.plist.strings; name = "zh-Hans"; path = "zh-Hans.lproj/Localizable.strings"; sourceTree = "<group>"; };
		D277F2FE20EF46B000672BEC /* HomeViewController.swift */ = {isa = PBXFileReference; lastKnownFileType = sourcecode.swift; path = HomeViewController.swift; sourceTree = "<group>"; };
		D277F30020EF46C400672BEC /* DiscoverViewController.swift */ = {isa = PBXFileReference; lastKnownFileType = sourcecode.swift; path = DiscoverViewController.swift; sourceTree = "<group>"; };
		D277F30220EF46D300672BEC /* MeViewController.swift */ = {isa = PBXFileReference; lastKnownFileType = sourcecode.swift; path = MeViewController.swift; sourceTree = "<group>"; };
		D49AA14F1AA0C3B299AB4140 /* Pods-HometownTests.debug.xcconfig */ = {isa = PBXFileReference; includeInIndex = 1; lastKnownFileType = text.xcconfig; name = "Pods-HometownTests.debug.xcconfig"; path = "Pods/Target Support Files/Pods-HometownTests/Pods-HometownTests.debug.xcconfig"; sourceTree = "<group>"; };
/* End PBXFileReference section */

/* Begin PBXFrameworksBuildPhase section */
		D258F2FA20EF0E4400479F12 /* Frameworks */ = {
			isa = PBXFrameworksBuildPhase;
			buildActionMask = 2147483647;
			files = (
				94C61D3AE2F8B3EEF8BB1B18 /* Pods_Hometown.framework in Frameworks */,
			);
			runOnlyForDeploymentPostprocessing = 0;
		};
		D258F30E20EF0E4400479F12 /* Frameworks */ = {
			isa = PBXFrameworksBuildPhase;
			buildActionMask = 2147483647;
			files = (
				19E05044F43B72C4525C01EB /* Pods_HometownTests.framework in Frameworks */,
			);
			runOnlyForDeploymentPostprocessing = 0;
		};
		D258F31920EF0E4400479F12 /* Frameworks */ = {
			isa = PBXFrameworksBuildPhase;
			buildActionMask = 2147483647;
			files = (
				A42842AEDE6CCFED61E991B5 /* Pods_HometownUITests.framework in Frameworks */,
			);
			runOnlyForDeploymentPostprocessing = 0;
		};
/* End PBXFrameworksBuildPhase section */

/* Begin PBXGroup section */
		449A51821CE591E400E298A6 /* Frameworks */ = {
			isa = PBXGroup;
			children = (
				95EFAE2AC7901179AE4D4A86 /* Pods_Hometown.framework */,
				D002A93920791EC53EE2A7F8 /* Pods_HometownTests.framework */,
				A2DE8E4BEE643F763B08B9A6 /* Pods_HometownUITests.framework */,
			);
			name = Frameworks;
			sourceTree = "<group>";
		};
		8A36A72EE509CB6306E90878 /* Pods */ = {
			isa = PBXGroup;
			children = (
				750C1928578248BEFAFE1D34 /* Pods-Hometown.debug.xcconfig */,
				9E5442D6650E72B0F98EF45B /* Pods-Hometown.release.xcconfig */,
				D49AA14F1AA0C3B299AB4140 /* Pods-HometownTests.debug.xcconfig */,
				4B13B5159F75F77231148455 /* Pods-HometownTests.release.xcconfig */,
				7768FAAF22E071DCAC40EFA6 /* Pods-HometownUITests.debug.xcconfig */,
				6133592E5D408606FBF64BA2 /* Pods-HometownUITests.release.xcconfig */,
			);
			name = Pods;
			sourceTree = "<group>";
		};
		D258F2F420EF0E4400479F12 = {
			isa = PBXGroup;
			children = (
				D258F2FF20EF0E4400479F12 /* Hometown */,
				D258F31420EF0E4400479F12 /* HometownTests */,
				D258F31F20EF0E4400479F12 /* HometownUITests */,
				D258F2FE20EF0E4400479F12 /* Products */,
				8A36A72EE509CB6306E90878 /* Pods */,
				449A51821CE591E400E298A6 /* Frameworks */,
			);
			sourceTree = "<group>";
		};
		D258F2FE20EF0E4400479F12 /* Products */ = {
			isa = PBXGroup;
			children = (
				D258F2FD20EF0E4400479F12 /* Hometown.app */,
				D258F31120EF0E4400479F12 /* HometownTests.xctest */,
				D258F31C20EF0E4400479F12 /* HometownUITests.xctest */,
			);
			name = Products;
			sourceTree = "<group>";
		};
		D258F2FF20EF0E4400479F12 /* Hometown */ = {
			isa = PBXGroup;
			children = (
				D258F30020EF0E4400479F12 /* AppDelegate.swift */,
				D258F30420EF0E4400479F12 /* Main.storyboard */,
				D258F32E20EF10E800479F12 /* Login.storyboard */,
				D258F30720EF0E4400479F12 /* Assets.xcassets */,
				D258F30920EF0E4400479F12 /* LaunchScreen.storyboard */,
				D258F30C20EF0E4400479F12 /* Info.plist */,
				D258F39020EF1D7C00479F12 /* Bridging-Header.h */,
				D277F2F620EF45B500672BEC /* InfoPlist.strings */,
				D277F2FC20EF45D500672BEC /* Localizable.strings */,
				D258F33720EF16B100479F12 /* common */,
				D258F33320EF14C000479F12 /* discover */,
				D258F33020EF14C000479F12 /* home */,
				D258F33420EF14C000479F12 /* login */,
				D258F33220EF14C000479F12 /* main */,
				D258F33120EF14C000479F12 /* me */,
			);
			path = Hometown;
			sourceTree = "<group>";
		};
		D258F31420EF0E4400479F12 /* HometownTests */ = {
			isa = PBXGroup;
			children = (
				D258F31520EF0E4400479F12 /* HometownTests.swift */,
				D258F31720EF0E4400479F12 /* Info.plist */,
			);
			path = HometownTests;
			sourceTree = "<group>";
		};
		D258F31F20EF0E4400479F12 /* HometownUITests */ = {
			isa = PBXGroup;
			children = (
				D258F32020EF0E4400479F12 /* HometownUITests.swift */,
				D258F32220EF0E4400479F12 /* Info.plist */,
			);
			path = HometownUITests;
			sourceTree = "<group>";
		};
		D258F33020EF14C000479F12 /* home */ = {
			isa = PBXGroup;
			children = (
				D277F2FE20EF46B000672BEC /* HomeViewController.swift */,
			);
			path = home;
			sourceTree = "<group>";
		};
		D258F33120EF14C000479F12 /* me */ = {
			isa = PBXGroup;
			children = (
				D277F30220EF46D300672BEC /* MeViewController.swift */,
			);
			path = me;
			sourceTree = "<group>";
		};
		D258F33220EF14C000479F12 /* main */ = {
			isa = PBXGroup;
			children = (
				D258F39120EF1FD400479F12 /* BaseNavigationViewController.swift */,
				D258F39220EF1FD400479F12 /* MainViewController.swift */,
			);
			path = main;
			sourceTree = "<group>";
		};
		D258F33320EF14C000479F12 /* discover */ = {
			isa = PBXGroup;
			children = (
				D277F30020EF46C400672BEC /* DiscoverViewController.swift */,
			);
			path = discover;
			sourceTree = "<group>";
		};
		D258F33420EF14C000479F12 /* login */ = {
			isa = PBXGroup;
			children = (
				D258F33520EF14D500479F12 /* LoginViewController.swift */,
			);
			path = login;
			sourceTree = "<group>";
		};
		D258F33720EF16B100479F12 /* common */ = {
			isa = PBXGroup;
			children = (
				D258F33820EF19A800479F12 /* Common.swift */,
				D258F34820EF1AF000479F12 /* Data */,
				D258F38720EF1D0A00479F12 /* tools */,
				D258F34D20EF1AF000479F12 /* Controllers */,
				D258F35620EF1AF000479F12 /* Extension */,
				D258F33A20EF1AF000479F12 /* Views */,
			);
			path = common;
			sourceTree = "<group>";
		};
		D258F33A20EF1AF000479F12 /* Views */ = {
			isa = PBXGroup;
			children = (
				D258F33B20EF1AF000479F12 /* BarButtonItem.swift */,
				D258F33C20EF1AF000479F12 /* BottombarView.swift */,
				D258F33D20EF1AF000479F12 /* GuideCoverView.swift */,
				D258F33E20EF1AF000479F12 /* GuideView.xib */,
				D258F33F20EF1AF000479F12 /* NoContentCover.xib */,
				D258F34020EF1AF000479F12 /* PasswordStrengthView.swift */,
				D258F34220EF1AF000479F12 /* ScaleButton.swift */,
				D258F34620EF1AF000479F12 /* UnLoginCover.swift */,
			);
			path = Views;
			sourceTree = "<group>";
		};
		D258F34820EF1AF000479F12 /* Data */ = {
			isa = PBXGroup;
			children = (
				D258F34920EF1AF000479F12 /* DeviceInfo.swift */,
				D258F34A20EF1AF000479F12 /* RequestHelper.swift */,
				D258F34B20EF1AF000479F12 /* ResponseHelper.swift */,
				D258F34C20EF1AF000479F12 /* UserManager.swift */,
			);
			path = Data;
			sourceTree = "<group>";
		};
		D258F34D20EF1AF000479F12 /* Controllers */ = {
			isa = PBXGroup;
			children = (
				D258F34F20EF1AF000479F12 /* CommonAlertView.swift */,
				D258F35020EF1AF000479F12 /* OverlayAnimatedTransitioner.swift */,
				D258F35120EF1AF000479F12 /* OverlayPickerViewController.swift */,
				D258F35220EF1AF000479F12 /* OverlayPresentationController.swift */,
				D258F35320EF1AF000479F12 /* ScanViewController.swift */,
				D258F35420EF1AF000479F12 /* WebViewController.swift */,
			);
			path = Controllers;
			sourceTree = "<group>";
		};
		D258F35620EF1AF000479F12 /* Extension */ = {
			isa = PBXGroup;
			children = (
				D258F35720EF1AF000479F12 /* NotificationCenterExtension.swift */,
				D258F35820EF1AF000479F12 /* NSUserDefaultsExtension.swift */,
				D258F35920EF1AF000479F12 /* StringExtension.swift */,
				D258F35A20EF1AF000479F12 /* UIButtonExtension.swift */,
				D258F35B20EF1AF000479F12 /* UIColor+Extension.swift */,
				D258F35C20EF1AF000479F12 /* UIFontExtension.swift */,
				D258F35D20EF1AF000479F12 /* UIImageExtension.swift */,
				D258F35E20EF1AF000479F12 /* UILabelExtension.swift */,
				D258F35F20EF1AF000479F12 /* UINavigationBarExtension.swift */,
				D258F36020EF1AF000479F12 /* UITextFiledExtension.swift */,
				D258F36120EF1AF000479F12 /* UIViewControllerExtension.swift */,
				D258F36220EF1AF000479F12 /* UIViewExtension.swift */,
			);
			path = Extension;
			sourceTree = "<group>";
		};
		D258F38720EF1D0A00479F12 /* tools */ = {
			isa = PBXGroup;
			children = (
				D258F38B20EF1D4E00479F12 /* TZScrollViewPopGesture */,
				D258F38820EF1D4E00479F12 /* UIViewController+Storyboard */,
			);
			path = tools;
			sourceTree = "<group>";
		};
		D258F38820EF1D4E00479F12 /* UIViewController+Storyboard */ = {
			isa = PBXGroup;
			children = (
				D258F38920EF1D4E00479F12 /* UIViewController+Storyboard.h */,
				D258F38A20EF1D4E00479F12 /* UIViewController+Storyboard.m */,
			);
			path = "UIViewController+Storyboard";
			sourceTree = "<group>";
		};
		D258F38B20EF1D4E00479F12 /* TZScrollViewPopGesture */ = {
			isa = PBXGroup;
			children = (
				D258F38C20EF1D4E00479F12 /* UINavigationController+TZPopGesture.h */,
				D258F38D20EF1D4E00479F12 /* UINavigationController+TZPopGesture.m */,
			);
			path = TZScrollViewPopGesture;
			sourceTree = "<group>";
		};
/* End PBXGroup section */

/* Begin PBXNativeTarget section */
		D258F2FC20EF0E4400479F12 /* Hometown */ = {
			isa = PBXNativeTarget;
			buildConfigurationList = D258F32520EF0E4400479F12 /* Build configuration list for PBXNativeTarget "Hometown" */;
			buildPhases = (
				89B4684F06273B664A99E5DA /* [CP] Check Pods Manifest.lock */,
				D258F2F920EF0E4400479F12 /* Sources */,
				D258F2FA20EF0E4400479F12 /* Frameworks */,
				D258F2FB20EF0E4400479F12 /* Resources */,
				2C1088EA56FB8F216A8303F7 /* [CP] Embed Pods Frameworks */,
				2697FD9B0380EFF550479EDA /* [CP] Copy Pods Resources */,
			);
			buildRules = (
			);
			dependencies = (
			);
			name = Hometown;
			productName = Hometown;
			productReference = D258F2FD20EF0E4400479F12 /* Hometown.app */;
			productType = "com.apple.product-type.application";
		};
		D258F31020EF0E4400479F12 /* HometownTests */ = {
			isa = PBXNativeTarget;
			buildConfigurationList = D258F32820EF0E4400479F12 /* Build configuration list for PBXNativeTarget "HometownTests" */;
			buildPhases = (
				2E80662DF70BAF04207E70BB /* [CP] Check Pods Manifest.lock */,
				D258F30D20EF0E4400479F12 /* Sources */,
				D258F30E20EF0E4400479F12 /* Frameworks */,
				D258F30F20EF0E4400479F12 /* Resources */,
				4828E541C0FE064C2EFDF149 /* [CP] Embed Pods Frameworks */,
				5CE7BFD86D503BB7F325A6A3 /* [CP] Copy Pods Resources */,
			);
			buildRules = (
			);
			dependencies = (
				D258F31320EF0E4400479F12 /* PBXTargetDependency */,
			);
			name = HometownTests;
			productName = HometownTests;
			productReference = D258F31120EF0E4400479F12 /* HometownTests.xctest */;
			productType = "com.apple.product-type.bundle.unit-test";
		};
		D258F31B20EF0E4400479F12 /* HometownUITests */ = {
			isa = PBXNativeTarget;
			buildConfigurationList = D258F32B20EF0E4400479F12 /* Build configuration list for PBXNativeTarget "HometownUITests" */;
			buildPhases = (
				F02D7ABD5BC3C9D5776CDD06 /* [CP] Check Pods Manifest.lock */,
				D258F31820EF0E4400479F12 /* Sources */,
				D258F31920EF0E4400479F12 /* Frameworks */,
				D258F31A20EF0E4400479F12 /* Resources */,
				FAC35370B4165D546215434C /* [CP] Embed Pods Frameworks */,
				FE39A71D4B2AB54D10EB18AE /* [CP] Copy Pods Resources */,
			);
			buildRules = (
			);
			dependencies = (
				D258F31E20EF0E4400479F12 /* PBXTargetDependency */,
			);
			name = HometownUITests;
			productName = HometownUITests;
			productReference = D258F31C20EF0E4400479F12 /* HometownUITests.xctest */;
			productType = "com.apple.product-type.bundle.ui-testing";
		};
/* End PBXNativeTarget section */

/* Begin PBXProject section */
		D258F2F520EF0E4400479F12 /* Project object */ = {
			isa = PBXProject;
			attributes = {
				LastSwiftUpdateCheck = 0920;
				LastUpgradeCheck = 0920;
				ORGANIZATIONNAME = haoge;
				TargetAttributes = {
					D258F2FC20EF0E4400479F12 = {
						CreatedOnToolsVersion = 9.2;
						ProvisioningStyle = Automatic;
					};
					D258F31020EF0E4400479F12 = {
						CreatedOnToolsVersion = 9.2;
						ProvisioningStyle = Automatic;
						TestTargetID = D258F2FC20EF0E4400479F12;
					};
					D258F31B20EF0E4400479F12 = {
						CreatedOnToolsVersion = 9.2;
						ProvisioningStyle = Automatic;
						TestTargetID = D258F2FC20EF0E4400479F12;
					};
				};
			};
			buildConfigurationList = D258F2F820EF0E4400479F12 /* Build configuration list for PBXProject "Hometown" */;
			compatibilityVersion = "Xcode 8.0";
			developmentRegion = en;
			hasScannedForEncodings = 0;
			knownRegions = (
				en,
				Base,
				"zh-Hans",
			);
			mainGroup = D258F2F420EF0E4400479F12;
			productRefGroup = D258F2FE20EF0E4400479F12 /* Products */;
			projectDirPath = "";
			projectRoot = "";
			targets = (
				D258F2FC20EF0E4400479F12 /* Hometown */,
				D258F31020EF0E4400479F12 /* HometownTests */,
				D258F31B20EF0E4400479F12 /* HometownUITests */,
			);
		};
/* End PBXProject section */

/* Begin PBXResourcesBuildPhase section */
		D258F2FB20EF0E4400479F12 /* Resources */ = {
			isa = PBXResourcesBuildPhase;
			buildActionMask = 2147483647;
			files = (
				D258F32F20EF10E800479F12 /* Login.storyboard in Resources */,
				D258F30B20EF0E4400479F12 /* LaunchScreen.storyboard in Resources */,
				D258F36720EF1AF000479F12 /* NoContentCover.xib in Resources */,
				D258F30820EF0E4400479F12 /* Assets.xcassets in Resources */,
				D258F36620EF1AF000479F12 /* GuideView.xib in Resources */,
				D277F2FA20EF45D500672BEC /* Localizable.strings in Resources */,
				D258F30620EF0E4400479F12 /* Main.storyboard in Resources */,
				D277F2F420EF45B500672BEC /* InfoPlist.strings in Resources */,
			);
			runOnlyForDeploymentPostprocessing = 0;
		};
		D258F30F20EF0E4400479F12 /* Resources */ = {
			isa = PBXResourcesBuildPhase;
			buildActionMask = 2147483647;
			files = (
			);
			runOnlyForDeploymentPostprocessing = 0;
		};
		D258F31A20EF0E4400479F12 /* Resources */ = {
			isa = PBXResourcesBuildPhase;
			buildActionMask = 2147483647;
			files = (
			);
			runOnlyForDeploymentPostprocessing = 0;
		};
/* End PBXResourcesBuildPhase section */

/* Begin PBXShellScriptBuildPhase section */
		2697FD9B0380EFF550479EDA /* [CP] Copy Pods Resources */ = {
			isa = PBXShellScriptBuildPhase;
			buildActionMask = 2147483647;
			files = (
			);
			inputPaths = (
			);
			name = "[CP] Copy Pods Resources";
			outputPaths = (
			);
			runOnlyForDeploymentPostprocessing = 0;
			shellPath = /bin/sh;
			shellScript = "\"${SRCROOT}/Pods/Target Support Files/Pods-Hometown/Pods-Hometown-resources.sh\"\n";
			showEnvVarsInLog = 0;
		};
		2C1088EA56FB8F216A8303F7 /* [CP] Embed Pods Frameworks */ = {
			isa = PBXShellScriptBuildPhase;
			buildActionMask = 2147483647;
			files = (
			);
			inputPaths = (
			);
			name = "[CP] Embed Pods Frameworks";
			outputPaths = (
			);
			runOnlyForDeploymentPostprocessing = 0;
			shellPath = /bin/sh;
			shellScript = "\"${SRCROOT}/Pods/Target Support Files/Pods-Hometown/Pods-Hometown-frameworks.sh\"\n";
			showEnvVarsInLog = 0;
		};
		2E80662DF70BAF04207E70BB /* [CP] Check Pods Manifest.lock */ = {
			isa = PBXShellScriptBuildPhase;
			buildActionMask = 2147483647;
			files = (
			);
			inputPaths = (
			);
			name = "[CP] Check Pods Manifest.lock";
			outputPaths = (
			);
			runOnlyForDeploymentPostprocessing = 0;
			shellPath = /bin/sh;
			shellScript = "diff \"${PODS_PODFILE_DIR_PATH}/Podfile.lock\" \"${PODS_ROOT}/Manifest.lock\" > /dev/null\nif [ $? != 0 ] ; then\n    # print error to STDERR\n    echo \"error: The sandbox is not in sync with the Podfile.lock. Run 'pod install' or update your CocoaPods installation.\" >&2\n    exit 1\nfi\n";
			showEnvVarsInLog = 0;
		};
		4828E541C0FE064C2EFDF149 /* [CP] Embed Pods Frameworks */ = {
			isa = PBXShellScriptBuildPhase;
			buildActionMask = 2147483647;
			files = (
			);
			inputPaths = (
			);
			name = "[CP] Embed Pods Frameworks";
			outputPaths = (
			);
			runOnlyForDeploymentPostprocessing = 0;
			shellPath = /bin/sh;
			shellScript = "\"${SRCROOT}/Pods/Target Support Files/Pods-HometownTests/Pods-HometownTests-frameworks.sh\"\n";
			showEnvVarsInLog = 0;
		};
		5CE7BFD86D503BB7F325A6A3 /* [CP] Copy Pods Resources */ = {
			isa = PBXShellScriptBuildPhase;
			buildActionMask = 2147483647;
			files = (
			);
			inputPaths = (
			);
			name = "[CP] Copy Pods Resources";
			outputPaths = (
			);
			runOnlyForDeploymentPostprocessing = 0;
			shellPath = /bin/sh;
			shellScript = "\"${SRCROOT}/Pods/Target Support Files/Pods-HometownTests/Pods-HometownTests-resources.sh\"\n";
			showEnvVarsInLog = 0;
		};
		89B4684F06273B664A99E5DA /* [CP] Check Pods Manifest.lock */ = {
			isa = PBXShellScriptBuildPhase;
			buildActionMask = 2147483647;
			files = (
			);
			inputPaths = (
			);
			name = "[CP] Check Pods Manifest.lock";
			outputPaths = (
			);
			runOnlyForDeploymentPostprocessing = 0;
			shellPath = /bin/sh;
			shellScript = "diff \"${PODS_PODFILE_DIR_PATH}/Podfile.lock\" \"${PODS_ROOT}/Manifest.lock\" > /dev/null\nif [ $? != 0 ] ; then\n    # print error to STDERR\n    echo \"error: The sandbox is not in sync with the Podfile.lock. Run 'pod install' or update your CocoaPods installation.\" >&2\n    exit 1\nfi\n";
			showEnvVarsInLog = 0;
		};
		F02D7ABD5BC3C9D5776CDD06 /* [CP] Check Pods Manifest.lock */ = {
			isa = PBXShellScriptBuildPhase;
			buildActionMask = 2147483647;
			files = (
			);
			inputPaths = (
			);
			name = "[CP] Check Pods Manifest.lock";
			outputPaths = (
			);
			runOnlyForDeploymentPostprocessing = 0;
			shellPath = /bin/sh;
			shellScript = "diff \"${PODS_PODFILE_DIR_PATH}/Podfile.lock\" \"${PODS_ROOT}/Manifest.lock\" > /dev/null\nif [ $? != 0 ] ; then\n    # print error to STDERR\n    echo \"error: The sandbox is not in sync with the Podfile.lock. Run 'pod install' or update your CocoaPods installation.\" >&2\n    exit 1\nfi\n";
			showEnvVarsInLog = 0;
		};
		FAC35370B4165D546215434C /* [CP] Embed Pods Frameworks */ = {
			isa = PBXShellScriptBuildPhase;
			buildActionMask = 2147483647;
			files = (
			);
			inputPaths = (
			);
			name = "[CP] Embed Pods Frameworks";
			outputPaths = (
			);
			runOnlyForDeploymentPostprocessing = 0;
			shellPath = /bin/sh;
			shellScript = "\"${SRCROOT}/Pods/Target Support Files/Pods-HometownUITests/Pods-HometownUITests-frameworks.sh\"\n";
			showEnvVarsInLog = 0;
		};
		FE39A71D4B2AB54D10EB18AE /* [CP] Copy Pods Resources */ = {
			isa = PBXShellScriptBuildPhase;
			buildActionMask = 2147483647;
			files = (
			);
			inputPaths = (
			);
			name = "[CP] Copy Pods Resources";
			outputPaths = (
			);
			runOnlyForDeploymentPostprocessing = 0;
			shellPath = /bin/sh;
			shellScript = "\"${SRCROOT}/Pods/Target Support Files/Pods-HometownUITests/Pods-HometownUITests-resources.sh\"\n";
			showEnvVarsInLog = 0;
		};
/* End PBXShellScriptBuildPhase section */

/* Begin PBXSourcesBuildPhase section */
		D258F2F920EF0E4400479F12 /* Sources */ = {
			isa = PBXSourcesBuildPhase;
			buildActionMask = 2147483647;
			files = (
				D258F37220EF1AF000479F12 /* UserManager.swift in Sources */,
				D258F36520EF1AF000479F12 /* GuideCoverView.swift in Sources */,
				D277F30320EF46D300672BEC /* MeViewController.swift in Sources */,
				D258F38220EF1AF000479F12 /* UILabelExtension.swift in Sources */,
				D258F38020EF1AF000479F12 /* UIFontExtension.swift in Sources */,
				D258F38320EF1AF000479F12 /* UINavigationBarExtension.swift in Sources */,
				D277F30120EF46C400672BEC /* DiscoverViewController.swift in Sources */,
				D258F37120EF1AF000479F12 /* ResponseHelper.swift in Sources */,
				D258F33920EF19A900479F12 /* Common.swift in Sources */,
				D258F37420EF1AF000479F12 /* CommonAlertView.swift in Sources */,
				D258F36E20EF1AF000479F12 /* UnLoginCover.swift in Sources */,
				D258F37F20EF1AF000479F12 /* UIColor+Extension.swift in Sources */,
				D258F36F20EF1AF000479F12 /* DeviceInfo.swift in Sources */,
				D258F39320EF1FD400479F12 /* BaseNavigationViewController.swift in Sources */,
				D258F37C20EF1AF000479F12 /* NSUserDefaultsExtension.swift in Sources */,
				D258F37520EF1AF000479F12 /* OverlayAnimatedTransitioner.swift in Sources */,
				D258F39420EF1FD400479F12 /* MainViewController.swift in Sources */,
				D258F37E20EF1AF000479F12 /* UIButtonExtension.swift in Sources */,
				D258F36820EF1AF000479F12 /* PasswordStrengthView.swift in Sources */,
				D258F37D20EF1AF000479F12 /* StringExtension.swift in Sources */,
				D258F36420EF1AF000479F12 /* BottombarView.swift in Sources */,
				D258F37020EF1AF000479F12 /* RequestHelper.swift in Sources */,
				D258F37B20EF1AF000479F12 /* NotificationCenterExtension.swift in Sources */,
				D258F37920EF1AF000479F12 /* WebViewController.swift in Sources */,
				D258F38520EF1AF000479F12 /* UIViewControllerExtension.swift in Sources */,
				D277F2FF20EF46B000672BEC /* HomeViewController.swift in Sources */,
				D258F38420EF1AF000479F12 /* UITextFiledExtension.swift in Sources */,
				D258F33620EF14D500479F12 /* LoginViewController.swift in Sources */,
				D258F38F20EF1D4E00479F12 /* UINavigationController+TZPopGesture.m in Sources */,
				D258F37720EF1AF000479F12 /* OverlayPresentationController.swift in Sources */,
				D258F38120EF1AF000479F12 /* UIImageExtension.swift in Sources */,
				D258F37620EF1AF000479F12 /* OverlayPickerViewController.swift in Sources */,
				D258F38620EF1AF000479F12 /* UIViewExtension.swift in Sources */,
				D258F36320EF1AF000479F12 /* BarButtonItem.swift in Sources */,
				D258F38E20EF1D4E00479F12 /* UIViewController+Storyboard.m in Sources */,
				D258F36A20EF1AF000479F12 /* ScaleButton.swift in Sources */,
				D258F30120EF0E4400479F12 /* AppDelegate.swift in Sources */,
				D258F37820EF1AF000479F12 /* ScanViewController.swift in Sources */,
			);
			runOnlyForDeploymentPostprocessing = 0;
		};
		D258F30D20EF0E4400479F12 /* Sources */ = {
			isa = PBXSourcesBuildPhase;
			buildActionMask = 2147483647;
			files = (
				D258F31620EF0E4400479F12 /* HometownTests.swift in Sources */,
			);
			runOnlyForDeploymentPostprocessing = 0;
		};
		D258F31820EF0E4400479F12 /* Sources */ = {
			isa = PBXSourcesBuildPhase;
			buildActionMask = 2147483647;
			files = (
				D258F32120EF0E4400479F12 /* HometownUITests.swift in Sources */,
			);
			runOnlyForDeploymentPostprocessing = 0;
		};
/* End PBXSourcesBuildPhase section */

/* Begin PBXTargetDependency section */
		D258F31320EF0E4400479F12 /* PBXTargetDependency */ = {
			isa = PBXTargetDependency;
			target = D258F2FC20EF0E4400479F12 /* Hometown */;
			targetProxy = D258F31220EF0E4400479F12 /* PBXContainerItemProxy */;
		};
		D258F31E20EF0E4400479F12 /* PBXTargetDependency */ = {
			isa = PBXTargetDependency;
			target = D258F2FC20EF0E4400479F12 /* Hometown */;
			targetProxy = D258F31D20EF0E4400479F12 /* PBXContainerItemProxy */;
		};
/* End PBXTargetDependency section */

/* Begin PBXVariantGroup section */
		D258F30420EF0E4400479F12 /* Main.storyboard */ = {
			isa = PBXVariantGroup;
			children = (
				D258F30520EF0E4400479F12 /* Base */,
			);
			name = Main.storyboard;
			sourceTree = "<group>";
		};
		D258F30920EF0E4400479F12 /* LaunchScreen.storyboard */ = {
			isa = PBXVariantGroup;
			children = (
				D258F30A20EF0E4400479F12 /* Base */,
			);
			name = LaunchScreen.storyboard;
			sourceTree = "<group>";
		};
		D277F2F620EF45B500672BEC /* InfoPlist.strings */ = {
			isa = PBXVariantGroup;
			children = (
				D277F2F520EF45B500672BEC /* en */,
				D277F2F720EF45B700672BEC /* zh-Hans */,
			);
			name = InfoPlist.strings;
			sourceTree = "<group>";
		};
		D277F2FC20EF45D500672BEC /* Localizable.strings */ = {
			isa = PBXVariantGroup;
			children = (
				D277F2FB20EF45D500672BEC /* en */,
				D277F2FD20EF45D600672BEC /* zh-Hans */,
			);
			name = Localizable.strings;
			sourceTree = "<group>";
		};
/* End PBXVariantGroup section */

/* Begin XCBuildConfiguration section */
		D258F32320EF0E4400479F12 /* Debug */ = {
			isa = XCBuildConfiguration;
			buildSettings = {
				ALWAYS_SEARCH_USER_PATHS = NO;
				CLANG_ANALYZER_NONNULL = YES;
				CLANG_ANALYZER_NUMBER_OBJECT_CONVERSION = YES_AGGRESSIVE;
				CLANG_CXX_LANGUAGE_STANDARD = "gnu++14";
				CLANG_CXX_LIBRARY = "libc++";
				CLANG_ENABLE_MODULES = YES;
				CLANG_ENABLE_OBJC_ARC = YES;
				CLANG_WARN_BLOCK_CAPTURE_AUTORELEASING = YES;
				CLANG_WARN_BOOL_CONVERSION = YES;
				CLANG_WARN_COMMA = YES;
				CLANG_WARN_CONSTANT_CONVERSION = YES;
				CLANG_WARN_DIRECT_OBJC_ISA_USAGE = YES_ERROR;
				CLANG_WARN_DOCUMENTATION_COMMENTS = YES;
				CLANG_WARN_EMPTY_BODY = YES;
				CLANG_WARN_ENUM_CONVERSION = YES;
				CLANG_WARN_INFINITE_RECURSION = YES;
				CLANG_WARN_INT_CONVERSION = YES;
				CLANG_WARN_NON_LITERAL_NULL_CONVERSION = YES;
				CLANG_WARN_OBJC_LITERAL_CONVERSION = YES;
				CLANG_WARN_OBJC_ROOT_CLASS = YES_ERROR;
				CLANG_WARN_RANGE_LOOP_ANALYSIS = YES;
				CLANG_WARN_STRICT_PROTOTYPES = YES;
				CLANG_WARN_SUSPICIOUS_MOVE = YES;
				CLANG_WARN_UNGUARDED_AVAILABILITY = YES_AGGRESSIVE;
				CLANG_WARN_UNREACHABLE_CODE = YES;
				CLANG_WARN__DUPLICATE_METHOD_MATCH = YES;
				CODE_SIGN_IDENTITY = "iPhone Developer";
				COPY_PHASE_STRIP = NO;
				DEBUG_INFORMATION_FORMAT = dwarf;
				ENABLE_STRICT_OBJC_MSGSEND = YES;
				ENABLE_TESTABILITY = YES;
				GCC_C_LANGUAGE_STANDARD = gnu11;
				GCC_DYNAMIC_NO_PIC = NO;
				GCC_NO_COMMON_BLOCKS = YES;
				GCC_OPTIMIZATION_LEVEL = 0;
				GCC_PREPROCESSOR_DEFINITIONS = (
					"DEBUG=1",
					"$(inherited)",
				);
				GCC_WARN_64_TO_32_BIT_CONVERSION = YES;
				GCC_WARN_ABOUT_RETURN_TYPE = YES_ERROR;
				GCC_WARN_UNDECLARED_SELECTOR = YES;
				GCC_WARN_UNINITIALIZED_AUTOS = YES_AGGRESSIVE;
				GCC_WARN_UNUSED_FUNCTION = YES;
				GCC_WARN_UNUSED_VARIABLE = YES;
				IPHONEOS_DEPLOYMENT_TARGET = 11.2;
				MTL_ENABLE_DEBUG_INFO = YES;
				ONLY_ACTIVE_ARCH = YES;
				SDKROOT = iphoneos;
				SWIFT_ACTIVE_COMPILATION_CONDITIONS = DEBUG;
				SWIFT_OPTIMIZATION_LEVEL = "-Onone";
			};
			name = Debug;
		};
		D258F32420EF0E4400479F12 /* Release */ = {
			isa = XCBuildConfiguration;
			buildSettings = {
				ALWAYS_SEARCH_USER_PATHS = NO;
				CLANG_ANALYZER_NONNULL = YES;
				CLANG_ANALYZER_NUMBER_OBJECT_CONVERSION = YES_AGGRESSIVE;
				CLANG_CXX_LANGUAGE_STANDARD = "gnu++14";
				CLANG_CXX_LIBRARY = "libc++";
				CLANG_ENABLE_MODULES = YES;
				CLANG_ENABLE_OBJC_ARC = YES;
				CLANG_WARN_BLOCK_CAPTURE_AUTORELEASING = YES;
				CLANG_WARN_BOOL_CONVERSION = YES;
				CLANG_WARN_COMMA = YES;
				CLANG_WARN_CONSTANT_CONVERSION = YES;
				CLANG_WARN_DIRECT_OBJC_ISA_USAGE = YES_ERROR;
				CLANG_WARN_DOCUMENTATION_COMMENTS = YES;
				CLANG_WARN_EMPTY_BODY = YES;
				CLANG_WARN_ENUM_CONVERSION = YES;
				CLANG_WARN_INFINITE_RECURSION = YES;
				CLANG_WARN_INT_CONVERSION = YES;
				CLANG_WARN_NON_LITERAL_NULL_CONVERSION = YES;
				CLANG_WARN_OBJC_LITERAL_CONVERSION = YES;
				CLANG_WARN_OBJC_ROOT_CLASS = YES_ERROR;
				CLANG_WARN_RANGE_LOOP_ANALYSIS = YES;
				CLANG_WARN_STRICT_PROTOTYPES = YES;
				CLANG_WARN_SUSPICIOUS_MOVE = YES;
				CLANG_WARN_UNGUARDED_AVAILABILITY = YES_AGGRESSIVE;
				CLANG_WARN_UNREACHABLE_CODE = YES;
				CLANG_WARN__DUPLICATE_METHOD_MATCH = YES;
				CODE_SIGN_IDENTITY = "iPhone Developer";
				COPY_PHASE_STRIP = NO;
				DEBUG_INFORMATION_FORMAT = "dwarf-with-dsym";
				ENABLE_NS_ASSERTIONS = NO;
				ENABLE_STRICT_OBJC_MSGSEND = YES;
				GCC_C_LANGUAGE_STANDARD = gnu11;
				GCC_NO_COMMON_BLOCKS = YES;
				GCC_WARN_64_TO_32_BIT_CONVERSION = YES;
				GCC_WARN_ABOUT_RETURN_TYPE = YES_ERROR;
				GCC_WARN_UNDECLARED_SELECTOR = YES;
				GCC_WARN_UNINITIALIZED_AUTOS = YES_AGGRESSIVE;
				GCC_WARN_UNUSED_FUNCTION = YES;
				GCC_WARN_UNUSED_VARIABLE = YES;
				IPHONEOS_DEPLOYMENT_TARGET = 11.2;
				MTL_ENABLE_DEBUG_INFO = NO;
				SDKROOT = iphoneos;
				SWIFT_OPTIMIZATION_LEVEL = "-Owholemodule";
				VALIDATE_PRODUCT = YES;
			};
			name = Release;
		};
		D258F32620EF0E4400479F12 /* Debug */ = {
			isa = XCBuildConfiguration;
			baseConfigurationReference = 750C1928578248BEFAFE1D34 /* Pods-Hometown.debug.xcconfig */;
			buildSettings = {
				ASSETCATALOG_COMPILER_APPICON_NAME = AppIcon;
				CODE_SIGN_STYLE = Automatic;
				DEVELOPMENT_TEAM = 756FYS2Z5Z;
				INFOPLIST_FILE = Hometown/Info.plist;
				IPHONEOS_DEPLOYMENT_TARGET = 9.0;
				LD_RUNPATH_SEARCH_PATHS = "$(inherited) @executable_path/Frameworks";
				PRODUCT_BUNDLE_IDENTIFIER = haohao.com.Hometown;
				PRODUCT_NAME = "$(TARGET_NAME)";
				SWIFT_OBJC_BRIDGING_HEADER = "Hometown/Bridging-Header.h";
				SWIFT_VERSION = 4.0;
				TARGETED_DEVICE_FAMILY = 1;
			};
			name = Debug;
		};
		D258F32720EF0E4400479F12 /* Release */ = {
			isa = XCBuildConfiguration;
			baseConfigurationReference = 9E5442D6650E72B0F98EF45B /* Pods-Hometown.release.xcconfig */;
			buildSettings = {
				ASSETCATALOG_COMPILER_APPICON_NAME = AppIcon;
				CODE_SIGN_STYLE = Automatic;
				DEVELOPMENT_TEAM = 756FYS2Z5Z;
				INFOPLIST_FILE = Hometown/Info.plist;
				IPHONEOS_DEPLOYMENT_TARGET = 9.0;
				LD_RUNPATH_SEARCH_PATHS = "$(inherited) @executable_path/Frameworks";
				PRODUCT_BUNDLE_IDENTIFIER = haohao.com.Hometown;
				PRODUCT_NAME = "$(TARGET_NAME)";
				SWIFT_OBJC_BRIDGING_HEADER = "Hometown/Bridging-Header.h";
				SWIFT_VERSION = 4.0;
				TARGETED_DEVICE_FAMILY = 1;
			};
			name = Release;
		};
		D258F32920EF0E4400479F12 /* Debug */ = {
			isa = XCBuildConfiguration;
			baseConfigurationReference = D49AA14F1AA0C3B299AB4140 /* Pods-HometownTests.debug.xcconfig */;
			buildSettings = {
				ALWAYS_EMBED_SWIFT_STANDARD_LIBRARIES = YES;
				BUNDLE_LOADER = "$(TEST_HOST)";
				CODE_SIGN_STYLE = Automatic;
				DEVELOPMENT_TEAM = 756FYS2Z5Z;
				INFOPLIST_FILE = HometownTests/Info.plist;
				LD_RUNPATH_SEARCH_PATHS = "$(inherited) @executable_path/Frameworks @loader_path/Frameworks";
				PRODUCT_BUNDLE_IDENTIFIER = haohao.com.HometownTests;
				PRODUCT_NAME = "$(TARGET_NAME)";
				SWIFT_VERSION = 4.0;
				TARGETED_DEVICE_FAMILY = "1,2";
				TEST_HOST = "$(BUILT_PRODUCTS_DIR)/Hometown.app/Hometown";
			};
			name = Debug;
		};
		D258F32A20EF0E4400479F12 /* Release */ = {
			isa = XCBuildConfiguration;
			baseConfigurationReference = 4B13B5159F75F77231148455 /* Pods-HometownTests.release.xcconfig */;
			buildSettings = {
				ALWAYS_EMBED_SWIFT_STANDARD_LIBRARIES = YES;
				BUNDLE_LOADER = "$(TEST_HOST)";
				CODE_SIGN_STYLE = Automatic;
				DEVELOPMENT_TEAM = 756FYS2Z5Z;
				INFOPLIST_FILE = HometownTests/Info.plist;
				LD_RUNPATH_SEARCH_PATHS = "$(inherited) @executable_path/Frameworks @loader_path/Frameworks";
				PRODUCT_BUNDLE_IDENTIFIER = haohao.com.HometownTests;
				PRODUCT_NAME = "$(TARGET_NAME)";
				SWIFT_VERSION = 4.0;
				TARGETED_DEVICE_FAMILY = "1,2";
				TEST_HOST = "$(BUILT_PRODUCTS_DIR)/Hometown.app/Hometown";
			};
			name = Release;
		};
		D258F32C20EF0E4400479F12 /* Debug */ = {
			isa = XCBuildConfiguration;
			baseConfigurationReference = 7768FAAF22E071DCAC40EFA6 /* Pods-HometownUITests.debug.xcconfig */;
			buildSettings = {
				ALWAYS_EMBED_SWIFT_STANDARD_LIBRARIES = YES;
				CODE_SIGN_STYLE = Automatic;
				DEVELOPMENT_TEAM = 756FYS2Z5Z;
				INFOPLIST_FILE = HometownUITests/Info.plist;
				LD_RUNPATH_SEARCH_PATHS = "$(inherited) @executable_path/Frameworks @loader_path/Frameworks";
				PRODUCT_BUNDLE_IDENTIFIER = haohao.com.HometownUITests;
				PRODUCT_NAME = "$(TARGET_NAME)";
				SWIFT_VERSION = 4.0;
				TARGETED_DEVICE_FAMILY = "1,2";
				TEST_TARGET_NAME = Hometown;
			};
			name = Debug;
		};
		D258F32D20EF0E4400479F12 /* Release */ = {
			isa = XCBuildConfiguration;
			baseConfigurationReference = 6133592E5D408606FBF64BA2 /* Pods-HometownUITests.release.xcconfig */;
			buildSettings = {
				ALWAYS_EMBED_SWIFT_STANDARD_LIBRARIES = YES;
				CODE_SIGN_STYLE = Automatic;
				DEVELOPMENT_TEAM = 756FYS2Z5Z;
				INFOPLIST_FILE = HometownUITests/Info.plist;
				LD_RUNPATH_SEARCH_PATHS = "$(inherited) @executable_path/Frameworks @loader_path/Frameworks";
				PRODUCT_BUNDLE_IDENTIFIER = haohao.com.HometownUITests;
				PRODUCT_NAME = "$(TARGET_NAME)";
				SWIFT_VERSION = 4.0;
				TARGETED_DEVICE_FAMILY = "1,2";
				TEST_TARGET_NAME = Hometown;
			};
			name = Release;
		};
/* End XCBuildConfiguration section */

/* Begin XCConfigurationList section */
		D258F2F820EF0E4400479F12 /* Build configuration list for PBXProject "Hometown" */ = {
			isa = XCConfigurationList;
			buildConfigurations = (
				D258F32320EF0E4400479F12 /* Debug */,
				D258F32420EF0E4400479F12 /* Release */,
			);
			defaultConfigurationIsVisible = 0;
			defaultConfigurationName = Release;
		};
		D258F32520EF0E4400479F12 /* Build configuration list for PBXNativeTarget "Hometown" */ = {
			isa = XCConfigurationList;
			buildConfigurations = (
				D258F32620EF0E4400479F12 /* Debug */,
				D258F32720EF0E4400479F12 /* Release */,
			);
			defaultConfigurationIsVisible = 0;
			defaultConfigurationName = Release;
		};
		D258F32820EF0E4400479F12 /* Build configuration list for PBXNativeTarget "HometownTests" */ = {
			isa = XCConfigurationList;
			buildConfigurations = (
				D258F32920EF0E4400479F12 /* Debug */,
				D258F32A20EF0E4400479F12 /* Release */,
			);
			defaultConfigurationIsVisible = 0;
			defaultConfigurationName = Release;
		};
		D258F32B20EF0E4400479F12 /* Build configuration list for PBXNativeTarget "HometownUITests" */ = {
			isa = XCConfigurationList;
			buildConfigurations = (
				D258F32C20EF0E4400479F12 /* Debug */,
				D258F32D20EF0E4400479F12 /* Release */,
			);
			defaultConfigurationIsVisible = 0;
			defaultConfigurationName = Release;
		};
/* End XCConfigurationList section */
	};
	rootObject = D258F2F520EF0E4400479F12 /* Project object */;
}
